
Microsoft Visual Studio Solution File, Format Version 12.00
Project("{FAE04EC0-301F-11D3-BF4B-00C04F79EFBC}") = "Shared", "Shared\Shared.csproj", "{1FBE6834-8D86-478A-965C-1D8394D77F20}"
EndProject
Project("{FAE04EC0-301F-11D3-BF4B-00C04F79EFBC}") = "WebAPI", "WebAPI\WebAPI.csproj", "{4F4EF696-8266-4273-83F4-3171568A0F76}"
EndProject
Project("{2150E333-8FDC-42A3-9474-1A3956D46DE8}") = "Server", "Server", "{1E21F42D-2AD0-48F2-8FCE-E942878BE242}"
EndProject
Project("{2150E333-8FDC-42A3-9474-1A3956D46DE8}") = "Shared", "Shared", "{A2A6F9A5-0594-4828-A54C-D9B025DF32CB}"
EndProject
Global
	GlobalSection(SolutionConfigurationPlatforms) = preSolution
		Debug|Any CPU = Debug|Any CPU
		Release|Any CPU = Release|Any CPU
	EndGlobalSection
	GlobalSection(ProjectConfigurationPlatforms) = postSolution
		{1FBE6834-8D86-478A-965C-1D8394D77F20}.Debug|Any CPU.ActiveCfg = Debug|Any CPU
		{1FBE6834-8D86-478A-965C-1D8394D77F20}.Debug|Any CPU.Build.0 = Debug|Any CPU
		{1FBE6834-8D86-478A-965C-1D8394D77F20}.Release|Any CPU.ActiveCfg = Release|Any CPU
		{1FBE6834-8D86-478A-965C-1D8394D77F20}.Release|Any CPU.Build.0 = Release|Any CPU
		{4F4EF696-8266-4273-83F4-3171568A0F76}.Debug|Any CPU.ActiveCfg = Debug|Any CPU
		{4F4EF696-8266-4273-83F4-3171568A0F76}.Debug|Any CPU.Build.0 = Debug|Any CPU
		{4F4EF696-8266-4273-83F4-3171568A0F76}.Release|Any CPU.ActiveCfg = Release|Any CPU
		{4F4EF696-8266-4273-83F4-3171568A0F76}.Release|Any CPU.Build.0 = Release|Any CPU
	EndGlobalSection
	GlobalSection(NestedProjects) = preSolution
		{4F4EF696-8266-4273-83F4-3171568A0F76} = {1E21F42D-2AD0-48F2-8FCE-E942878BE242}
		{1FBE6834-8D86-478A-965C-1D8394D77F20} = {A2A6F9A5-0594-4828-A54C-D9B025DF32CB}
	EndGlobalSection
EndGlobal
